
Microsoft Visual Studio Solution File, Format Version 12.00
# Visual Studio Version 16
VisualStudioVersion = 16.0.30804.86
MinimumVisualStudioVersion = 10.0.40219.1
Project("{9A19103F-16F7-4668-BE54-9A1E7A4F7556}") = "MonitorMemorizer.Core", "MonitorMemorizer.Core\MonitorMemorizer.Core.csproj", "{1F626F31-A28A-4D66-9B10-3908E3D322FF}"
EndProject
Project("{FAE04EC0-301F-11D3-BF4B-00C04F79EFBC}") = "MonitorMemorizer.Cli", "MonitorMemorizer.Cli\MonitorMemorizer.Cli.csproj", "{0530CED0-EE9E-49AA-AE9B-0AFF6CDB45F7}"
EndProject
Global
	GlobalSection(SolutionConfigurationPlatforms) = preSolution
		Debug|Any CPU = Debug|Any CPU
		Release|Any CPU = Release|Any CPU
	EndGlobalSection
	GlobalSection(ProjectConfigurationPlatforms) = postSolution
		{1F626F31-A28A-4D66-9B10-3908E3D322FF}.Debug|Any CPU.ActiveCfg = Debug|Any CPU
		{1F626F31-A28A-4D66-9B10-3908E3D322FF}.Debug|Any CPU.Build.0 = Debug|Any CPU
		{1F626F31-A28A-4D66-9B10-3908E3D322FF}.Release|Any CPU.ActiveCfg = Release|Any CPU
		{1F626F31-A28A-4D66-9B10-3908E3D322FF}.Release|Any CPU.Build.0 = Release|Any CPU
		{0530CED0-EE9E-49AA-AE9B-0AFF6CDB45F7}.Debug|Any CPU.ActiveCfg = Debug|Any CPU
		{0530CED0-EE9E-49AA-AE9B-0AFF6CDB45F7}.Debug|Any CPU.Build.0 = Debug|Any CPU
		{0530CED0-EE9E-49AA-AE9B-0AFF6CDB45F7}.Release|Any CPU.ActiveCfg = Release|Any CPU
		{0530CED0-EE9E-49AA-AE9B-0AFF6CDB45F7}.Release|Any CPU.Build.0 = Release|Any CPU
	EndGlobalSection
	GlobalSection(SolutionProperties) = preSolution
		HideSolutionNode = FALSE
	EndGlobalSection
	GlobalSection(ExtensibilityGlobals) = postSolution
		SolutionGuid = {476CAA31-FA77-4A06-88B4-7411FC5BE1E9}
	EndGlobalSection
EndGlobal
